
Microsoft Visual Studio Solution File, Format Version 12.00
Project("{FAE04EC0-301F-11D3-BF4B-00C04F79EFBC}") = "snake_new", "snake_new\snake_new.csproj", "{74CC9107-1AF1-4415-A348-0B125ED05C8E}"
EndProject
Global
	GlobalSection(SolutionConfigurationPlatforms) = preSolution
		Debug|Any CPU = Debug|Any CPU
		Release|Any CPU = Release|Any CPU
	EndGlobalSection
	GlobalSection(ProjectConfigurationPlatforms) = postSolution
		{74CC9107-1AF1-4415-A348-0B125ED05C8E}.Debug|Any CPU.ActiveCfg = Debug|Any CPU
		{74CC9107-1AF1-4415-A348-0B125ED05C8E}.Debug|Any CPU.Build.0 = Debug|Any CPU
		{74CC9107-1AF1-4415-A348-0B125ED05C8E}.Release|Any CPU.ActiveCfg = Release|Any CPU
		{74CC9107-1AF1-4415-A348-0B125ED05C8E}.Release|Any CPU.Build.0 = Release|Any CPU
	EndGlobalSection
EndGlobal
